
Microsoft Visual Studio Solution File, Format Version 12.00
# Visual Studio Version 17
VisualStudioVersion = 17.1.32319.34
MinimumVisualStudioVersion = 10.0.40219.1
Project("{9A19103F-16F7-4668-BE54-9A1E7A4F7556}") = "FormClean.Domain", "FormClean.Domain\FormClean.Domain.csproj", "{099A0C23-B5E7-426D-8BC8-02E704F5D68C}"
EndProject
Project("{9A19103F-16F7-4668-BE54-9A1E7A4F7556}") = "FormClean.Infra.Data", "FormClean.Infra.Data\FormClean.Infra.Data.csproj", "{BC418616-B674-42B9-917C-2007E447B700}"
EndProject
Project("{9A19103F-16F7-4668-BE54-9A1E7A4F7556}") = "FormClean.Infra.IoC", "FormClean.Infra.IoC\FormClean.Infra.IoC.csproj", "{DB59F2A7-3FE8-445A-9455-F83C1E379F55}"
EndProject
Project("{9A19103F-16F7-4668-BE54-9A1E7A4F7556}") = "FormClean.Application", "FormClean.Application\FormClean.Application.csproj", "{123346C3-FA8D-4824-8E87-15DC28F1C4CE}"
EndProject
Project("{9A19103F-16F7-4668-BE54-9A1E7A4F7556}") = "FormClean.WebUI", "FormClean.WebUI\FormClean.WebUI.csproj", "{77247452-92CA-482A-81A4-EAA7CFB6CFFB}"
EndProject
Global
	GlobalSection(SolutionConfigurationPlatforms) = preSolution
		Debug|Any CPU = Debug|Any CPU
		Release|Any CPU = Release|Any CPU
	EndGlobalSection
	GlobalSection(ProjectConfigurationPlatforms) = postSolution
		{099A0C23-B5E7-426D-8BC8-02E704F5D68C}.Debug|Any CPU.ActiveCfg = Debug|Any CPU
		{099A0C23-B5E7-426D-8BC8-02E704F5D68C}.Debug|Any CPU.Build.0 = Debug|Any CPU
		{099A0C23-B5E7-426D-8BC8-02E704F5D68C}.Release|Any CPU.ActiveCfg = Release|Any CPU
		{099A0C23-B5E7-426D-8BC8-02E704F5D68C}.Release|Any CPU.Build.0 = Release|Any CPU
		{BC418616-B674-42B9-917C-2007E447B700}.Debug|Any CPU.ActiveCfg = Debug|Any CPU
		{BC418616-B674-42B9-917C-2007E447B700}.Debug|Any CPU.Build.0 = Debug|Any CPU
		{BC418616-B674-42B9-917C-2007E447B700}.Release|Any CPU.ActiveCfg = Release|Any CPU
		{BC418616-B674-42B9-917C-2007E447B700}.Release|Any CPU.Build.0 = Release|Any CPU
		{DB59F2A7-3FE8-445A-9455-F83C1E379F55}.Debug|Any CPU.ActiveCfg = Debug|Any CPU
		{DB59F2A7-3FE8-445A-9455-F83C1E379F55}.Debug|Any CPU.Build.0 = Debug|Any CPU
		{DB59F2A7-3FE8-445A-9455-F83C1E379F55}.Release|Any CPU.ActiveCfg = Release|Any CPU
		{DB59F2A7-3FE8-445A-9455-F83C1E379F55}.Release|Any CPU.Build.0 = Release|Any CPU
		{123346C3-FA8D-4824-8E87-15DC28F1C4CE}.Debug|Any CPU.ActiveCfg = Debug|Any CPU
		{123346C3-FA8D-4824-8E87-15DC28F1C4CE}.Debug|Any CPU.Build.0 = Debug|Any CPU
		{123346C3-FA8D-4824-8E87-15DC28F1C4CE}.Release|Any CPU.ActiveCfg = Release|Any CPU
		{123346C3-FA8D-4824-8E87-15DC28F1C4CE}.Release|Any CPU.Build.0 = Release|Any CPU
		{77247452-92CA-482A-81A4-EAA7CFB6CFFB}.Debug|Any CPU.ActiveCfg = Debug|Any CPU
		{77247452-92CA-482A-81A4-EAA7CFB6CFFB}.Debug|Any CPU.Build.0 = Debug|Any CPU
		{77247452-92CA-482A-81A4-EAA7CFB6CFFB}.Release|Any CPU.ActiveCfg = Release|Any CPU
		{77247452-92CA-482A-81A4-EAA7CFB6CFFB}.Release|Any CPU.Build.0 = Release|Any CPU
	EndGlobalSection
	GlobalSection(SolutionProperties) = preSolution
		HideSolutionNode = FALSE
	EndGlobalSection
	GlobalSection(ExtensibilityGlobals) = postSolution
		SolutionGuid = {6D215868-11D0-4419-8D8F-341D7B74ABF1}
	EndGlobalSection
EndGlobal
